<?xml version="1.0" encoding="utf-8"?>
<Project ToolsVersion="4.0" xmlns="http://schemas.microsoft.com/developer/msbuild/2003">
  <ItemGroup>
    <Filter Include="Source Files">
      <UniqueIdentifier>{542338aa-0628-40fd-bfec-d7225b432d30}</UniqueIdentifier>
      <Extensions>cpp;c;cxx;rc;def;r;odl;idl;hpj;bat</Extensions>
    </Filter>
    <Filter Include="Header Files">
      <UniqueIdentifier>{8d329d12-3891-40b5-8431-32a9192b91ae}</UniqueIdentifier>
      <Extensions>h;hpp;hxx;hm;inl</Extensions>
    </Filter>
    <Filter Include="Resource Files">
      <UniqueIdentifier>{33b5fbe3-2c7e-49a2-b6ea-4c38be1ea837}</UniqueIdentifier>
      <Extensions>ico;cur;bmp;dlg;rc2;rct;bin;rgs;gif;jpg;jpeg;jpe</Extensions>
    </Filter>
  </ItemGroup>
  <ItemGroup>
    <ClCompile Include="..\backend.c">
      <Filter>Source Files</Filter>
    </ClCompile>
    <ClCompile Include="..\book.c">
      <Filter>Source Files</Filter>
    </ClCompile>
    <ClCompile Include="..\engineoutput.c">
      <Filter>Source Files</Filter>
    </ClCompile>
    <ClCompile Include="..\evalgraph.c">
      <Filter>Source Files</Filter>
    </ClCompile>
    <ClCompile Include="..\gamelist.c">
      <Filter>Source Files</Filter>
    </ClCompile>
    <ClCompile Include="help.c">
      <Filter>Source Files</Filter>
    </ClCompile>
    <ClCompile Include="..\history.c">
      <Filter>Source Files</Filter>
    </ClCompile>
    <ClCompile Include="..\lists.c">
      <Filter>Source Files</Filter>
    </ClCompile>
    <ClCompile Include="..\moves.c">
      <Filter>Source Files</Filter>
    </ClCompile>
    <ClCompile Include="..\parser.c">
      <Filter>Source Files</Filter>
    </ClCompile>
    <ClCompile Include="..\pgntags.c">
      <Filter>Source Files</Filter>
    </ClCompile>
    <ClCompile Include="..\uci.c">
      <Filter>Source Files</Filter>
    </ClCompile>
    <ClCompile Include="wchat.c">
      <Filter>Source Files</Filter>
    </ClCompile>
    <ClCompile Include="wclipbrd.c">
      <Filter>Source Files</Filter>
    </ClCompile>
    <ClCompile Include="wedittags.c">
      <Filter>Source Files</Filter>
    </ClCompile>
    <ClCompile Include="wengineoutput.c">
      <Filter>Source Files</Filter>
    </ClCompile>
    <ClCompile Include="wevalgraph.c">
      <Filter>Source Files</Filter>
    </ClCompile>
    <ClCompile Include="wgamelist.c">
      <Filter>Source Files</Filter>
    </ClCompile>
    <ClCompile Include="whistory.c">
      <Filter>Source Files</Filter>
    </ClCompile>
    <ClCompile Include="winboard.c">
      <Filter>Source Files</Filter>
    </ClCompile>
    <ClCompile Include="wlayout.c">
      <Filter>Source Files</Filter>
    </ClCompile>
    <ClCompile Include="woptions.c">
      <Filter>Source Files</Filter>
    </ClCompile>
    <ClCompile Include="wsettings.c">
      <Filter>Source Files</Filter>
    </ClCompile>
    <ClCompile Include="wsnap.c">
      <Filter>Source Files</Filter>
    </ClCompile>
    <ClCompile Include="wsockerr.c">
      <Filter>Source Files</Filter>
    </ClCompile>
    <ClCompile Include="..\zippy.c">
      <Filter>Source Files</Filter>
    </ClCompile>
  </ItemGroup>
  <ItemGroup>
    <ResourceCompile Include="winboard.rc">
      <Filter>Source Files</Filter>
    </ResourceCompile>
  </ItemGroup>
</Project>